PODS:
  - CameraManager (3.0.0)
  - CBCameraViewController (0.0.1):
    - CameraManager
    - SnapKit
  - SnapKit (3.0.1)

DEPENDENCIES:
  - CameraManager
  - CBCameraViewController (from `../`)
  - SnapKit

EXTERNAL SOURCES:
  CBCameraViewController:
    :path: "../"

SPEC CHECKSUMS:
  CameraManager: 8b92bc0ab51b598d9a4c01998bc9f1efb9b681bf
  CBCameraViewController: 127b085bae2131a8e1b9ce1442f3502c524c8fd1
  SnapKit: f818b8326d45b4e1c777d0ab27b5c0a3624bfdeb

PODFILE CHECKSUM: 9b50784c158b44a2c73e361204e2a05494a7221a

COCOAPODS: 1.0.1
